
Microsoft Visual Studio Solution File, Format Version 12.00
# Visual Studio Version 17
VisualStudioVersion = 17.6.33815.320
MinimumVisualStudioVersion = 10.0.40219.1
Project("{FAE04EC0-301F-11D3-BF4B-00C04F79EFBC}") = "HandleData", "HandleData\HandleData.csproj", "{B482BB5A-C97F-420B-A223-EDB684D073F5}"
EndProject
Global
	GlobalSection(SolutionConfigurationPlatforms) = preSolution
		Debug|Any CPU = Debug|Any CPU
		Release|Any CPU = Release|Any CPU
	EndGlobalSection
	GlobalSection(ProjectConfigurationPlatforms) = postSolution
		{B482BB5A-C97F-420B-A223-EDB684D073F5}.Debug|Any CPU.ActiveCfg = Debug|Any CPU
		{B482BB5A-C97F-420B-A223-EDB684D073F5}.Debug|Any CPU.Build.0 = Debug|Any CPU
		{B482BB5A-C97F-420B-A223-EDB684D073F5}.Release|Any CPU.ActiveCfg = Release|Any CPU
		{B482BB5A-C97F-420B-A223-EDB684D073F5}.Release|Any CPU.Build.0 = Release|Any CPU
	EndGlobalSection
	GlobalSection(SolutionProperties) = preSolution
		HideSolutionNode = FALSE
	EndGlobalSection
	GlobalSection(ExtensibilityGlobals) = postSolution
		SolutionGuid = {0533F614-0737-41A9-A966-6ECD8E1392E6}
	EndGlobalSection
EndGlobal
